
Microsoft Visual Studio Solution File, Format Version 12.00
Project("{FAE04EC0-301F-11D3-BF4B-00C04F79EFBC}") = "Lexogic", "Lexogic.csproj", "{C6E1C68C-9B4B-4129-9EA5-568B69364DB7}"
EndProject
Global
	GlobalSection(SolutionConfigurationPlatforms) = preSolution
		Debug|Any CPU = Debug|Any CPU
		Release|Any CPU = Release|Any CPU
	EndGlobalSection
	GlobalSection(ProjectConfigurationPlatforms) = postSolution
		{C6E1C68C-9B4B-4129-9EA5-568B69364DB7}.Debug|Any CPU.ActiveCfg = Debug|Any CPU
		{C6E1C68C-9B4B-4129-9EA5-568B69364DB7}.Debug|Any CPU.Build.0 = Debug|Any CPU
		{C6E1C68C-9B4B-4129-9EA5-568B69364DB7}.Release|Any CPU.ActiveCfg = Release|Any CPU
		{C6E1C68C-9B4B-4129-9EA5-568B69364DB7}.Release|Any CPU.Build.0 = Release|Any CPU
	EndGlobalSection
EndGlobal
